
Microsoft Visual Studio Solution File, Format Version 11.00
# Visual Studio 2010
Project("{8BC9CEB8-8B4A-11D0-8D11-00A0C91BC942}") = "aes", "aes.vcxproj", "{F8F9FC77-5ABE-4E9C-9A29-2ED69A3EA66D}"
	ProjectSection(ProjectDependencies) = postProject
		{6D5959C8-58C2-4411-9EC0-DE952E515AEF} = {6D5959C8-58C2-4411-9EC0-DE952E515AEF}
	EndProjectSection
EndProject
Project("{8BC9CEB8-8B4A-11D0-8D11-00A0C91BC942}") = "libaes", "libaes\libaes.vcxproj", "{6D5959C8-58C2-4411-9EC0-DE952E515AEF}"
EndProject
Global
	GlobalSection(SolutionConfigurationPlatforms) = preSolution
		Debug|Win32 = Debug|Win32
		Release|Win32 = Release|Win32
	EndGlobalSection
	GlobalSection(ProjectConfigurationPlatforms) = postSolution
		{F8F9FC77-5ABE-4E9C-9A29-2ED69A3EA66D}.Debug|Win32.ActiveCfg = Debug|Win32
		{F8F9FC77-5ABE-4E9C-9A29-2ED69A3EA66D}.Debug|Win32.Build.0 = Debug|Win32
		{F8F9FC77-5ABE-4E9C-9A29-2ED69A3EA66D}.Release|Win32.ActiveCfg = Release|Win32
		{F8F9FC77-5ABE-4E9C-9A29-2ED69A3EA66D}.Release|Win32.Build.0 = Release|Win32
		{6D5959C8-58C2-4411-9EC0-DE952E515AEF}.Debug|Win32.ActiveCfg = Debug|Win32
		{6D5959C8-58C2-4411-9EC0-DE952E515AEF}.Debug|Win32.Build.0 = Debug|Win32
		{6D5959C8-58C2-4411-9EC0-DE952E515AEF}.Release|Win32.ActiveCfg = Release|Win32
		{6D5959C8-58C2-4411-9EC0-DE952E515AEF}.Release|Win32.Build.0 = Release|Win32
	EndGlobalSection
	GlobalSection(SolutionProperties) = preSolution
		HideSolutionNode = FALSE
	EndGlobalSection
EndGlobal
